
Microsoft Visual Studio Solution File, Format Version 12.00
# Visual Studio Version 17
VisualStudioVersion = 17.8.34330.188
MinimumVisualStudioVersion = 10.0.40219.1
Project("{FAE04EC0-301F-11D3-BF4B-00C04F79EFBC}") = "MvcCoreEmpleadosSession", "MvcCoreEmpleadosSession\MvcCoreEmpleadosSession.csproj", "{31486AE6-5726-4859-A345-86CABDC30D76}"
EndProject
Global
	GlobalSection(SolutionConfigurationPlatforms) = preSolution
		Debug|Any CPU = Debug|Any CPU
		Release|Any CPU = Release|Any CPU
	EndGlobalSection
	GlobalSection(ProjectConfigurationPlatforms) = postSolution
		{31486AE6-5726-4859-A345-86CABDC30D76}.Debug|Any CPU.ActiveCfg = Debug|Any CPU
		{31486AE6-5726-4859-A345-86CABDC30D76}.Debug|Any CPU.Build.0 = Debug|Any CPU
		{31486AE6-5726-4859-A345-86CABDC30D76}.Release|Any CPU.ActiveCfg = Release|Any CPU
		{31486AE6-5726-4859-A345-86CABDC30D76}.Release|Any CPU.Build.0 = Release|Any CPU
	EndGlobalSection
	GlobalSection(SolutionProperties) = preSolution
		HideSolutionNode = FALSE
	EndGlobalSection
	GlobalSection(ExtensibilityGlobals) = postSolution
		SolutionGuid = {778BC469-1C6E-4C75-9E1F-6D65B5778002}
	EndGlobalSection
EndGlobal
